PODS:
  - TrySwiftData (0.1.0):
    - TrySwiftData/TrySwiftAssets (= 0.1.0)
  - TrySwiftData/TrySwiftAssets (0.1.0)

DEPENDENCIES:
  - TrySwiftData (from `../`)

EXTERNAL SOURCES:
  TrySwiftData:
    :path: ../

SPEC CHECKSUMS:
  TrySwiftData: a61c092c7eae752dce51ea9169f3455f7451c2d7

PODFILE CHECKSUM: f90fa0a429c447a2ce4ad39681f2a1ec8628b580

COCOAPODS: 1.4.0
