// !$*UTF8*$!
{
	archiveVersion = 1;
	classes = {
	};
	objectVersion = 46;
	objects = {

/* Begin PBXBuildFile section */
		226E7B321E56D9BF0018E2F9 /* NYC2016Organizers.swift in Sources */ = {isa = PBXBuildFile; fileRef = 226E7B311E56D9BF0018E2F9 /* NYC2016Organizers.swift */; };
		22F0E3581E50F1B50060EA9F /* NYC2016ConferenceDays.swift in Sources */ = {isa = PBXBuildFile; fileRef = 22F0E3401E50F1B50060EA9F /* NYC2016ConferenceDays.swift */; };
		22F0E3591E50F1B50060EA9F /* NYC2016Conferences.swift in Sources */ = {isa = PBXBuildFile; fileRef = 22F0E3411E50F1B50060EA9F /* NYC2016Conferences.swift */; };
		22F0E35A1E50F1B50060EA9F /* NYC2016Events.swift in Sources */ = {isa = PBXBuildFile; fileRef = 22F0E3421E50F1B50060EA9F /* NYC2016Events.swift */; };
		22F0E35C1E50F1B50060EA9F /* NYC2016Locations.swift in Sources */ = {isa = PBXBuildFile; fileRef = 22F0E3441E50F1B50060EA9F /* NYC2016Locations.swift */; };
		22F0E35D1E50F1B50060EA9F /* NYC2016Presentations.swift in Sources */ = {isa = PBXBuildFile; fileRef = 22F0E3451E50F1B50060EA9F /* NYC2016Presentations.swift */; };
		22F0E35E1E50F1B50060EA9F /* NYC2016SessionBlocks.swift in Sources */ = {isa = PBXBuildFile; fileRef = 22F0E3461E50F1B50060EA9F /* NYC2016SessionBlocks.swift */; };
		22F0E35F1E50F1B50060EA9F /* NYC2016Sessions.swift in Sources */ = {isa = PBXBuildFile; fileRef = 22F0E3471E50F1B50060EA9F /* NYC2016Sessions.swift */; };
		22F0E3601E50F1B50060EA9F /* NYC2016Speakers.swift in Sources */ = {isa = PBXBuildFile; fileRef = 22F0E3481E50F1B50060EA9F /* NYC2016Speakers.swift */; };
		22F0E3611E50F1B50060EA9F /* NYC2016Sponsors.swift in Sources */ = {isa = PBXBuildFile; fileRef = 22F0E3491E50F1B50060EA9F /* NYC2016Sponsors.swift */; };
		22F0E3621E50F1B50060EA9F /* NYC2016Venues.swift in Sources */ = {isa = PBXBuildFile; fileRef = 22F0E34A1E50F1B50060EA9F /* NYC2016Venues.swift */; };
		22F0E3631E50F1B50060EA9F /* TKO2017ConferenceDays.swift in Sources */ = {isa = PBXBuildFile; fileRef = 22F0E34C1E50F1B50060EA9F /* TKO2017ConferenceDays.swift */; };
		22F0E3641E50F1B50060EA9F /* TKO2017Conferences.swift in Sources */ = {isa = PBXBuildFile; fileRef = 22F0E34D1E50F1B50060EA9F /* TKO2017Conferences.swift */; };
		22F0E3651E50F1B50060EA9F /* TKO2017Events.swift in Sources */ = {isa = PBXBuildFile; fileRef = 22F0E34E1E50F1B50060EA9F /* TKO2017Events.swift */; };
		22F0E3671E50F1B50060EA9F /* TKO2017Locations.swift in Sources */ = {isa = PBXBuildFile; fileRef = 22F0E3501E50F1B50060EA9F /* TKO2017Locations.swift */; };
		22F0E3681E50F1B50060EA9F /* TKO2017Presentations.swift in Sources */ = {isa = PBXBuildFile; fileRef = 22F0E3511E50F1B50060EA9F /* TKO2017Presentations.swift */; };
		22F0E3691E50F1B50060EA9F /* TKO2017SessionBlocks.swift in Sources */ = {isa = PBXBuildFile; fileRef = 22F0E3521E50F1B50060EA9F /* TKO2017SessionBlocks.swift */; };
		22F0E36A1E50F1B50060EA9F /* TKO2017Sessions.swift in Sources */ = {isa = PBXBuildFile; fileRef = 22F0E3531E50F1B50060EA9F /* TKO2017Sessions.swift */; };
		22F0E36B1E50F1B50060EA9F /* TKO2017Speakers.swift in Sources */ = {isa = PBXBuildFile; fileRef = 22F0E3541E50F1B50060EA9F /* TKO2017Speakers.swift */; };
		22F0E36C1E50F1B50060EA9F /* TKO2017Sponsors.swift in Sources */ = {isa = PBXBuildFile; fileRef = 22F0E3551E50F1B50060EA9F /* TKO2017Sponsors.swift */; };
		22F0E36D1E50F1B50060EA9F /* TKO2017Venues.swift in Sources */ = {isa = PBXBuildFile; fileRef = 22F0E3561E50F1B50060EA9F /* TKO2017Venues.swift */; };
		22FE792F1E56AF3700DCFCAF /* TKO2017Organizers.swift in Sources */ = {isa = PBXBuildFile; fileRef = 22FE792E1E56AF3700DCFCAF /* TKO2017Organizers.swift */; };
		607FACEC1AFB9204008FA782 /* CreateRealmTests.swift in Sources */ = {isa = PBXBuildFile; fileRef = 607FACEB1AFB9204008FA782 /* CreateRealmTests.swift */; };
		D1C2A1C1C1ED581F9395D1C3 /* Pods_TrySwiftData_Tests.framework in Frameworks */ = {isa = PBXBuildFile; fileRef = 2E3D343B3BCFD0FE16F48FBA /* Pods_TrySwiftData_Tests.framework */; };
		FA79A5F91E860428005696DC /* AnnouncementSessionViewModelTests.swift in Sources */ = {isa = PBXBuildFile; fileRef = FA79A5F81E860428005696DC /* AnnouncementSessionViewModelTests.swift */; };
		FA79A5FB1E863B4B005696DC /* BreakfastSessionViewModelTests.swift in Sources */ = {isa = PBXBuildFile; fileRef = FA79A5FA1E863B4B005696DC /* BreakfastSessionViewModelTests.swift */; };
		FA79A5FD1E863F92005696DC /* CoffeeBreakSessionViewModelTests.swift in Sources */ = {isa = PBXBuildFile; fileRef = FA79A5FC1E863F92005696DC /* CoffeeBreakSessionViewModelTests.swift */; };
		FA79A5FF1E864863005696DC /* LightningTalkSessionViewModelTests.swift in Sources */ = {isa = PBXBuildFile; fileRef = FA79A5FE1E864863005696DC /* LightningTalkSessionViewModelTests.swift */; };
		FCBBDE781E864C7200ABF000 /* LunchSessionViewModelTests.swift in Sources */ = {isa = PBXBuildFile; fileRef = FCBBDE771E864C7200ABF000 /* LunchSessionViewModelTests.swift */; };
		FCBBDE7A1E87993700ABF000 /* MeetupSessionViewModelTests.swift in Sources */ = {isa = PBXBuildFile; fileRef = FCBBDE791E87993700ABF000 /* MeetupSessionViewModelTests.swift */; };
/* End PBXBuildFile section */

/* Begin PBXFileReference section */
		226E7B311E56D9BF0018E2F9 /* NYC2016Organizers.swift */ = {isa = PBXFileReference; fileEncoding = 4; lastKnownFileType = sourcecode.swift; path = NYC2016Organizers.swift; sourceTree = "<group>"; };
		22F0E3401E50F1B50060EA9F /* NYC2016ConferenceDays.swift */ = {isa = PBXFileReference; fileEncoding = 4; lastKnownFileType = sourcecode.swift; path = NYC2016ConferenceDays.swift; sourceTree = "<group>"; };
		22F0E3411E50F1B50060EA9F /* NYC2016Conferences.swift */ = {isa = PBXFileReference; fileEncoding = 4; lastKnownFileType = sourcecode.swift; path = NYC2016Conferences.swift; sourceTree = "<group>"; };
		22F0E3421E50F1B50060EA9F /* NYC2016Events.swift */ = {isa = PBXFileReference; fileEncoding = 4; lastKnownFileType = sourcecode.swift; path = NYC2016Events.swift; sourceTree = "<group>"; };
		22F0E3441E50F1B50060EA9F /* NYC2016Locations.swift */ = {isa = PBXFileReference; fileEncoding = 4; lastKnownFileType = sourcecode.swift; path = NYC2016Locations.swift; sourceTree = "<group>"; };
		22F0E3451E50F1B50060EA9F /* NYC2016Presentations.swift */ = {isa = PBXFileReference; fileEncoding = 4; lastKnownFileType = sourcecode.swift; path = NYC2016Presentations.swift; sourceTree = "<group>"; };
		22F0E3461E50F1B50060EA9F /* NYC2016SessionBlocks.swift */ = {isa = PBXFileReference; fileEncoding = 4; lastKnownFileType = sourcecode.swift; path = NYC2016SessionBlocks.swift; sourceTree = "<group>"; };
		22F0E3471E50F1B50060EA9F /* NYC2016Sessions.swift */ = {isa = PBXFileReference; fileEncoding = 4; lastKnownFileType = sourcecode.swift; path = NYC2016Sessions.swift; sourceTree = "<group>"; };
		22F0E3481E50F1B50060EA9F /* NYC2016Speakers.swift */ = {isa = PBXFileReference; fileEncoding = 4; lastKnownFileType = sourcecode.swift; path = NYC2016Speakers.swift; sourceTree = "<group>"; };
		22F0E3491E50F1B50060EA9F /* NYC2016Sponsors.swift */ = {isa = PBXFileReference; fileEncoding = 4; lastKnownFileType = sourcecode.swift; path = NYC2016Sponsors.swift; sourceTree = "<group>"; };
		22F0E34A1E50F1B50060EA9F /* NYC2016Venues.swift */ = {isa = PBXFileReference; fileEncoding = 4; lastKnownFileType = sourcecode.swift; path = NYC2016Venues.swift; sourceTree = "<group>"; };
		22F0E34C1E50F1B50060EA9F /* TKO2017ConferenceDays.swift */ = {isa = PBXFileReference; fileEncoding = 4; lastKnownFileType = sourcecode.swift; path = TKO2017ConferenceDays.swift; sourceTree = "<group>"; };
		22F0E34D1E50F1B50060EA9F /* TKO2017Conferences.swift */ = {isa = PBXFileReference; fileEncoding = 4; lastKnownFileType = sourcecode.swift; path = TKO2017Conferences.swift; sourceTree = "<group>"; };
		22F0E34E1E50F1B50060EA9F /* TKO2017Events.swift */ = {isa = PBXFileReference; fileEncoding = 4; lastKnownFileType = sourcecode.swift; path = TKO2017Events.swift; sourceTree = "<group>"; };
		22F0E3501E50F1B50060EA9F /* TKO2017Locations.swift */ = {isa = PBXFileReference; fileEncoding = 4; lastKnownFileType = sourcecode.swift; path = TKO2017Locations.swift; sourceTree = "<group>"; };
		22F0E3511E50F1B50060EA9F /* TKO2017Presentations.swift */ = {isa = PBXFileReference; fileEncoding = 4; lastKnownFileType = sourcecode.swift; path = TKO2017Presentations.swift; sourceTree = "<group>"; };
		22F0E3521E50F1B50060EA9F /* TKO2017SessionBlocks.swift */ = {isa = PBXFileReference; fileEncoding = 4; lastKnownFileType = sourcecode.swift; path = TKO2017SessionBlocks.swift; sourceTree = "<group>"; };
		22F0E3531E50F1B50060EA9F /* TKO2017Sessions.swift */ = {isa = PBXFileReference; fileEncoding = 4; lastKnownFileType = sourcecode.swift; path = TKO2017Sessions.swift; sourceTree = "<group>"; };
		22F0E3541E50F1B50060EA9F /* TKO2017Speakers.swift */ = {isa = PBXFileReference; fileEncoding = 4; lastKnownFileType = sourcecode.swift; path = TKO2017Speakers.swift; sourceTree = "<group>"; };
		22F0E3551E50F1B50060EA9F /* TKO2017Sponsors.swift */ = {isa = PBXFileReference; fileEncoding = 4; lastKnownFileType = sourcecode.swift; path = TKO2017Sponsors.swift; sourceTree = "<group>"; };
		22F0E3561E50F1B50060EA9F /* TKO2017Venues.swift */ = {isa = PBXFileReference; fileEncoding = 4; lastKnownFileType = sourcecode.swift; path = TKO2017Venues.swift; sourceTree = "<group>"; };
		22FE792E1E56AF3700DCFCAF /* TKO2017Organizers.swift */ = {isa = PBXFileReference; fileEncoding = 4; lastKnownFileType = sourcecode.swift; path = TKO2017Organizers.swift; sourceTree = "<group>"; };
		2E3D343B3BCFD0FE16F48FBA /* Pods_TrySwiftData_Tests.framework */ = {isa = PBXFileReference; explicitFileType = wrapper.framework; includeInIndex = 0; path = Pods_TrySwiftData_Tests.framework; sourceTree = BUILT_PRODUCTS_DIR; };
		607FACE51AFB9204008FA782 /* TrySwiftData_Tests.xctest */ = {isa = PBXFileReference; explicitFileType = wrapper.cfbundle; includeInIndex = 0; path = TrySwiftData_Tests.xctest; sourceTree = BUILT_PRODUCTS_DIR; };
		607FACEA1AFB9204008FA782 /* Info.plist */ = {isa = PBXFileReference; lastKnownFileType = text.plist.xml; path = Info.plist; sourceTree = "<group>"; };
		607FACEB1AFB9204008FA782 /* CreateRealmTests.swift */ = {isa = PBXFileReference; lastKnownFileType = sourcecode.swift; path = CreateRealmTests.swift; sourceTree = "<group>"; };
		CE171203CD5CC3EE87F100D4 /* Pods-TrySwiftData_Tests.release.xcconfig */ = {isa = PBXFileReference; includeInIndex = 1; lastKnownFileType = text.xcconfig; name = "Pods-TrySwiftData_Tests.release.xcconfig"; path = "Pods/Target Support Files/Pods-TrySwiftData_Tests/Pods-TrySwiftData_Tests.release.xcconfig"; sourceTree = "<group>"; };
		F34162B8E33CF2073A2BD225 /* Pods-TrySwiftData_Tests.debug.xcconfig */ = {isa = PBXFileReference; includeInIndex = 1; lastKnownFileType = text.xcconfig; name = "Pods-TrySwiftData_Tests.debug.xcconfig"; path = "Pods/Target Support Files/Pods-TrySwiftData_Tests/Pods-TrySwiftData_Tests.debug.xcconfig"; sourceTree = "<group>"; };
		FA79A5F81E860428005696DC /* AnnouncementSessionViewModelTests.swift */ = {isa = PBXFileReference; fileEncoding = 4; lastKnownFileType = sourcecode.swift; name = AnnouncementSessionViewModelTests.swift; path = SessionTests/AnnouncementSessionViewModelTests.swift; sourceTree = "<group>"; };
		FA79A5FA1E863B4B005696DC /* BreakfastSessionViewModelTests.swift */ = {isa = PBXFileReference; fileEncoding = 4; lastKnownFileType = sourcecode.swift; name = BreakfastSessionViewModelTests.swift; path = SessionTests/BreakfastSessionViewModelTests.swift; sourceTree = "<group>"; };
		FA79A5FC1E863F92005696DC /* CoffeeBreakSessionViewModelTests.swift */ = {isa = PBXFileReference; fileEncoding = 4; lastKnownFileType = sourcecode.swift; name = CoffeeBreakSessionViewModelTests.swift; path = SessionTests/CoffeeBreakSessionViewModelTests.swift; sourceTree = "<group>"; };
		FA79A5FE1E864863005696DC /* LightningTalkSessionViewModelTests.swift */ = {isa = PBXFileReference; fileEncoding = 4; lastKnownFileType = sourcecode.swift; name = LightningTalkSessionViewModelTests.swift; path = SessionTests/LightningTalkSessionViewModelTests.swift; sourceTree = "<group>"; };
		FCBBDE771E864C7200ABF000 /* LunchSessionViewModelTests.swift */ = {isa = PBXFileReference; fileEncoding = 4; lastKnownFileType = sourcecode.swift; path = LunchSessionViewModelTests.swift; sourceTree = "<group>"; };
		FCBBDE791E87993700ABF000 /* MeetupSessionViewModelTests.swift */ = {isa = PBXFileReference; fileEncoding = 4; lastKnownFileType = sourcecode.swift; path = MeetupSessionViewModelTests.swift; sourceTree = "<group>"; };
/* End PBXFileReference section */

/* Begin PBXFrameworksBuildPhase section */
		607FACE21AFB9204008FA782 /* Frameworks */ = {
			isa = PBXFrameworksBuildPhase;
			buildActionMask = 2147483647;
			files = (
				D1C2A1C1C1ED581F9395D1C3 /* Pods_TrySwiftData_Tests.framework in Frameworks */,
			);
			runOnlyForDeploymentPostprocessing = 0;
		};
/* End PBXFrameworksBuildPhase section */

/* Begin PBXGroup section */
		22F0E33F1E50F1B50060EA9F /* NYC-2016 */ = {
			isa = PBXGroup;
			children = (
				22F0E3401E50F1B50060EA9F /* NYC2016ConferenceDays.swift */,
				22F0E3411E50F1B50060EA9F /* NYC2016Conferences.swift */,
				22F0E3421E50F1B50060EA9F /* NYC2016Events.swift */,
				22F0E3441E50F1B50060EA9F /* NYC2016Locations.swift */,
				22F0E3451E50F1B50060EA9F /* NYC2016Presentations.swift */,
				22F0E3461E50F1B50060EA9F /* NYC2016SessionBlocks.swift */,
				22F0E3471E50F1B50060EA9F /* NYC2016Sessions.swift */,
				226E7B311E56D9BF0018E2F9 /* NYC2016Organizers.swift */,
				22F0E3481E50F1B50060EA9F /* NYC2016Speakers.swift */,
				22F0E3491E50F1B50060EA9F /* NYC2016Sponsors.swift */,
				22F0E34A1E50F1B50060EA9F /* NYC2016Venues.swift */,
			);
			path = "NYC-2016";
			sourceTree = "<group>";
		};
		22F0E34B1E50F1B50060EA9F /* TKO-2017 */ = {
			isa = PBXGroup;
			children = (
				22F0E34C1E50F1B50060EA9F /* TKO2017ConferenceDays.swift */,
				22F0E34D1E50F1B50060EA9F /* TKO2017Conferences.swift */,
				22F0E34E1E50F1B50060EA9F /* TKO2017Events.swift */,
				22F0E3501E50F1B50060EA9F /* TKO2017Locations.swift */,
				22F0E3511E50F1B50060EA9F /* TKO2017Presentations.swift */,
				22F0E3521E50F1B50060EA9F /* TKO2017SessionBlocks.swift */,
				22F0E3531E50F1B50060EA9F /* TKO2017Sessions.swift */,
				22FE792E1E56AF3700DCFCAF /* TKO2017Organizers.swift */,
				22F0E3541E50F1B50060EA9F /* TKO2017Speakers.swift */,
				22F0E3551E50F1B50060EA9F /* TKO2017Sponsors.swift */,
				22F0E3561E50F1B50060EA9F /* TKO2017Venues.swift */,
			);
			path = "TKO-2017";
			sourceTree = "<group>";
		};
		607FACC71AFB9204008FA782 = {
			isa = PBXGroup;
			children = (
				607FACE81AFB9204008FA782 /* Tests */,
				607FACD11AFB9204008FA782 /* Products */,
				B0E16D54F68F0D236F21D42C /* Pods */,
				9625C5E529368A663A52731E /* Frameworks */,
			);
			sourceTree = "<group>";
		};
		607FACD11AFB9204008FA782 /* Products */ = {
			isa = PBXGroup;
			children = (
				607FACE51AFB9204008FA782 /* TrySwiftData_Tests.xctest */,
			);
			name = Products;
			sourceTree = "<group>";
		};
		607FACE81AFB9204008FA782 /* Tests */ = {
			isa = PBXGroup;
			children = (
				607FACEB1AFB9204008FA782 /* CreateRealmTests.swift */,
				FA79A5F71E8603ED005696DC /* SessionTests */,
				22F0E33F1E50F1B50060EA9F /* NYC-2016 */,
				22F0E34B1E50F1B50060EA9F /* TKO-2017 */,
				607FACE91AFB9204008FA782 /* Supporting Files */,
			);
			path = Tests;
			sourceTree = "<group>";
		};
		607FACE91AFB9204008FA782 /* Supporting Files */ = {
			isa = PBXGroup;
			children = (
				607FACEA1AFB9204008FA782 /* Info.plist */,
			);
			name = "Supporting Files";
			sourceTree = "<group>";
		};
		9625C5E529368A663A52731E /* Frameworks */ = {
			isa = PBXGroup;
			children = (
				2E3D343B3BCFD0FE16F48FBA /* Pods_TrySwiftData_Tests.framework */,
			);
			name = Frameworks;
			sourceTree = "<group>";
		};
		B0E16D54F68F0D236F21D42C /* Pods */ = {
			isa = PBXGroup;
			children = (
				F34162B8E33CF2073A2BD225 /* Pods-TrySwiftData_Tests.debug.xcconfig */,
				CE171203CD5CC3EE87F100D4 /* Pods-TrySwiftData_Tests.release.xcconfig */,
			);
			name = Pods;
			sourceTree = "<group>";
		};
		FA79A5F71E8603ED005696DC /* SessionTests */ = {
			isa = PBXGroup;
			children = (
				FA79A5F81E860428005696DC /* AnnouncementSessionViewModelTests.swift */,
				FA79A5FA1E863B4B005696DC /* BreakfastSessionViewModelTests.swift */,
				FA79A5FC1E863F92005696DC /* CoffeeBreakSessionViewModelTests.swift */,
				FA79A5FE1E864863005696DC /* LightningTalkSessionViewModelTests.swift */,
				FCBBDE771E864C7200ABF000 /* LunchSessionViewModelTests.swift */,
				FCBBDE791E87993700ABF000 /* MeetupSessionViewModelTests.swift */,
			);
			name = SessionTests;
			sourceTree = "<group>";
		};
/* End PBXGroup section */

/* Begin PBXNativeTarget section */
		607FACE41AFB9204008FA782 /* TrySwiftData_Tests */ = {
			isa = PBXNativeTarget;
			buildConfigurationList = 607FACF21AFB9204008FA782 /* Build configuration list for PBXNativeTarget "TrySwiftData_Tests" */;
			buildPhases = (
				39A35986FD8678E6B317C0C0 /* [CP] Check Pods Manifest.lock */,
				607FACE11AFB9204008FA782 /* Sources */,
				607FACE21AFB9204008FA782 /* Frameworks */,
				607FACE31AFB9204008FA782 /* Resources */,
				53D46F05DE0DC47DA1FF84F9 /* [CP] Embed Pods Frameworks */,
				639000267E592BDD558FDD69 /* [CP] Copy Pods Resources */,
			);
			buildRules = (
			);
			dependencies = (
			);
			name = TrySwiftData_Tests;
			productName = Tests;
			productReference = 607FACE51AFB9204008FA782 /* TrySwiftData_Tests.xctest */;
			productType = "com.apple.product-type.bundle.unit-test";
		};
/* End PBXNativeTarget section */

/* Begin PBXProject section */
		607FACC81AFB9204008FA782 /* Project object */ = {
			isa = PBXProject;
			attributes = {
				LastSwiftUpdateCheck = 0720;
				LastUpgradeCheck = 0820;
				ORGANIZATIONNAME = CocoaPods;
				TargetAttributes = {
					607FACE41AFB9204008FA782 = {
						CreatedOnToolsVersion = 6.3.1;
						TestTargetID = 607FACCF1AFB9204008FA782;
					};
				};
			};
			buildConfigurationList = 607FACCB1AFB9204008FA782 /* Build configuration list for PBXProject "trySwiftData" */;
			compatibilityVersion = "Xcode 3.2";
			developmentRegion = English;
			hasScannedForEncodings = 0;
			knownRegions = (
				en,
				Base,
			);
			mainGroup = 607FACC71AFB9204008FA782;
			productRefGroup = 607FACD11AFB9204008FA782 /* Products */;
			projectDirPath = "";
			projectRoot = "";
			targets = (
				607FACE41AFB9204008FA782 /* TrySwiftData_Tests */,
			);
		};
/* End PBXProject section */

/* Begin PBXResourcesBuildPhase section */
		607FACE31AFB9204008FA782 /* Resources */ = {
			isa = PBXResourcesBuildPhase;
			buildActionMask = 2147483647;
			files = (
			);
			runOnlyForDeploymentPostprocessing = 0;
		};
/* End PBXResourcesBuildPhase section */

/* Begin PBXShellScriptBuildPhase section */
		39A35986FD8678E6B317C0C0 /* [CP] Check Pods Manifest.lock */ = {
			isa = PBXShellScriptBuildPhase;
			buildActionMask = 2147483647;
			files = (
			);
			inputPaths = (
			);
			name = "[CP] Check Pods Manifest.lock";
			outputPaths = (
			);
			runOnlyForDeploymentPostprocessing = 0;
			shellPath = /bin/sh;
			shellScript = "diff \"${PODS_ROOT}/../Podfile.lock\" \"${PODS_ROOT}/Manifest.lock\" > /dev/null\nif [ $? != 0 ] ; then\n    # print error to STDERR\n    echo \"error: The sandbox is not in sync with the Podfile.lock. Run 'pod install' or update your CocoaPods installation.\" >&2\n    exit 1\nfi\n";
			showEnvVarsInLog = 0;
		};
		53D46F05DE0DC47DA1FF84F9 /* [CP] Embed Pods Frameworks */ = {
			isa = PBXShellScriptBuildPhase;
			buildActionMask = 2147483647;
			files = (
			);
			inputPaths = (
			);
			name = "[CP] Embed Pods Frameworks";
			outputPaths = (
			);
			runOnlyForDeploymentPostprocessing = 0;
			shellPath = /bin/sh;
			shellScript = "\"${SRCROOT}/Pods/Target Support Files/Pods-TrySwiftData_Tests/Pods-TrySwiftData_Tests-frameworks.sh\"\n";
			showEnvVarsInLog = 0;
		};
		639000267E592BDD558FDD69 /* [CP] Copy Pods Resources */ = {
			isa = PBXShellScriptBuildPhase;
			buildActionMask = 2147483647;
			files = (
			);
			inputPaths = (
			);
			name = "[CP] Copy Pods Resources";
			outputPaths = (
			);
			runOnlyForDeploymentPostprocessing = 0;
			shellPath = /bin/sh;
			shellScript = "\"${SRCROOT}/Pods/Target Support Files/Pods-TrySwiftData_Tests/Pods-TrySwiftData_Tests-resources.sh\"\n";
			showEnvVarsInLog = 0;
		};
/* End PBXShellScriptBuildPhase section */

/* Begin PBXSourcesBuildPhase section */
		607FACE11AFB9204008FA782 /* Sources */ = {
			isa = PBXSourcesBuildPhase;
			buildActionMask = 2147483647;
			files = (
				FCBBDE781E864C7200ABF000 /* LunchSessionViewModelTests.swift in Sources */,
				FA79A5F91E860428005696DC /* AnnouncementSessionViewModelTests.swift in Sources */,
				22F0E35E1E50F1B50060EA9F /* NYC2016SessionBlocks.swift in Sources */,
				22F0E3621E50F1B50060EA9F /* NYC2016Venues.swift in Sources */,
				22F0E3601E50F1B50060EA9F /* NYC2016Speakers.swift in Sources */,
				FA79A5FF1E864863005696DC /* LightningTalkSessionViewModelTests.swift in Sources */,
				22F0E36D1E50F1B50060EA9F /* TKO2017Venues.swift in Sources */,
				607FACEC1AFB9204008FA782 /* CreateRealmTests.swift in Sources */,
				FCBBDE7A1E87993700ABF000 /* MeetupSessionViewModelTests.swift in Sources */,
				22F0E36C1E50F1B50060EA9F /* TKO2017Sponsors.swift in Sources */,
				FA79A5FD1E863F92005696DC /* CoffeeBreakSessionViewModelTests.swift in Sources */,
				22F0E3671E50F1B50060EA9F /* TKO2017Locations.swift in Sources */,
				22F0E3591E50F1B50060EA9F /* NYC2016Conferences.swift in Sources */,
				22F0E3641E50F1B50060EA9F /* TKO2017Conferences.swift in Sources */,
				22F0E3631E50F1B50060EA9F /* TKO2017ConferenceDays.swift in Sources */,
				22F0E36B1E50F1B50060EA9F /* TKO2017Speakers.swift in Sources */,
				22F0E3681E50F1B50060EA9F /* TKO2017Presentations.swift in Sources */,
				22F0E35C1E50F1B50060EA9F /* NYC2016Locations.swift in Sources */,
				226E7B321E56D9BF0018E2F9 /* NYC2016Organizers.swift in Sources */,
				22F0E35A1E50F1B50060EA9F /* NYC2016Events.swift in Sources */,
				FA79A5FB1E863B4B005696DC /* BreakfastSessionViewModelTests.swift in Sources */,
				22F0E3651E50F1B50060EA9F /* TKO2017Events.swift in Sources */,
				22F0E3581E50F1B50060EA9F /* NYC2016ConferenceDays.swift in Sources */,
				22FE792F1E56AF3700DCFCAF /* TKO2017Organizers.swift in Sources */,
				22F0E35F1E50F1B50060EA9F /* NYC2016Sessions.swift in Sources */,
				22F0E3611E50F1B50060EA9F /* NYC2016Sponsors.swift in Sources */,
				22F0E36A1E50F1B50060EA9F /* TKO2017Sessions.swift in Sources */,
				22F0E35D1E50F1B50060EA9F /* NYC2016Presentations.swift in Sources */,
				22F0E3691E50F1B50060EA9F /* TKO2017SessionBlocks.swift in Sources */,
			);
			runOnlyForDeploymentPostprocessing = 0;
		};
/* End PBXSourcesBuildPhase section */

/* Begin XCBuildConfiguration section */
		607FACED1AFB9204008FA782 /* Debug */ = {
			isa = XCBuildConfiguration;
			buildSettings = {
				ALWAYS_SEARCH_USER_PATHS = NO;
				CLANG_CXX_LANGUAGE_STANDARD = "gnu++0x";
				CLANG_CXX_LIBRARY = "libc++";
				CLANG_ENABLE_MODULES = YES;
				CLANG_ENABLE_OBJC_ARC = YES;
				CLANG_WARN_BOOL_CONVERSION = YES;
				CLANG_WARN_CONSTANT_CONVERSION = YES;
				CLANG_WARN_DIRECT_OBJC_ISA_USAGE = YES_ERROR;
				CLANG_WARN_EMPTY_BODY = YES;
				CLANG_WARN_ENUM_CONVERSION = YES;
				CLANG_WARN_INFINITE_RECURSION = YES;
				CLANG_WARN_INT_CONVERSION = YES;
				CLANG_WARN_OBJC_ROOT_CLASS = YES_ERROR;
				CLANG_WARN_SUSPICIOUS_MOVE = YES;
				CLANG_WARN_UNREACHABLE_CODE = YES;
				CLANG_WARN__DUPLICATE_METHOD_MATCH = YES;
				"CODE_SIGN_IDENTITY[sdk=iphoneos*]" = "iPhone Developer";
				COPY_PHASE_STRIP = NO;
				DEBUG_INFORMATION_FORMAT = "dwarf-with-dsym";
				ENABLE_STRICT_OBJC_MSGSEND = YES;
				ENABLE_TESTABILITY = YES;
				GCC_C_LANGUAGE_STANDARD = gnu99;
				GCC_DYNAMIC_NO_PIC = NO;
				GCC_NO_COMMON_BLOCKS = YES;
				GCC_OPTIMIZATION_LEVEL = 0;
				GCC_PREPROCESSOR_DEFINITIONS = (
					"DEBUG=1",
					"$(inherited)",
				);
				GCC_SYMBOLS_PRIVATE_EXTERN = NO;
				GCC_WARN_64_TO_32_BIT_CONVERSION = YES;
				GCC_WARN_ABOUT_RETURN_TYPE = YES_ERROR;
				GCC_WARN_UNDECLARED_SELECTOR = YES;
				GCC_WARN_UNINITIALIZED_AUTOS = YES_AGGRESSIVE;
				GCC_WARN_UNUSED_FUNCTION = YES;
				GCC_WARN_UNUSED_VARIABLE = YES;
				IPHONEOS_DEPLOYMENT_TARGET = 9.0;
				MTL_ENABLE_DEBUG_INFO = YES;
				ONLY_ACTIVE_ARCH = YES;
				SDKROOT = iphoneos;
				SWIFT_OPTIMIZATION_LEVEL = "-Onone";
			};
			name = Debug;
		};
		607FACEE1AFB9204008FA782 /* Release */ = {
			isa = XCBuildConfiguration;
			buildSettings = {
				ALWAYS_SEARCH_USER_PATHS = NO;
				CLANG_CXX_LANGUAGE_STANDARD = "gnu++0x";
				CLANG_CXX_LIBRARY = "libc++";
				CLANG_ENABLE_MODULES = YES;
				CLANG_ENABLE_OBJC_ARC = YES;
				CLANG_WARN_BOOL_CONVERSION = YES;
				CLANG_WARN_CONSTANT_CONVERSION = YES;
				CLANG_WARN_DIRECT_OBJC_ISA_USAGE = YES_ERROR;
				CLANG_WARN_EMPTY_BODY = YES;
				CLANG_WARN_ENUM_CONVERSION = YES;
				CLANG_WARN_INFINITE_RECURSION = YES;
				CLANG_WARN_INT_CONVERSION = YES;
				CLANG_WARN_OBJC_ROOT_CLASS = YES_ERROR;
				CLANG_WARN_SUSPICIOUS_MOVE = YES;
				CLANG_WARN_UNREACHABLE_CODE = YES;
				CLANG_WARN__DUPLICATE_METHOD_MATCH = YES;
				"CODE_SIGN_IDENTITY[sdk=iphoneos*]" = "iPhone Developer";
				COPY_PHASE_STRIP = NO;
				DEBUG_INFORMATION_FORMAT = "dwarf-with-dsym";
				ENABLE_NS_ASSERTIONS = NO;
				ENABLE_STRICT_OBJC_MSGSEND = YES;
				GCC_C_LANGUAGE_STANDARD = gnu99;
				GCC_NO_COMMON_BLOCKS = YES;
				GCC_WARN_64_TO_32_BIT_CONVERSION = YES;
				GCC_WARN_ABOUT_RETURN_TYPE = YES_ERROR;
				GCC_WARN_UNDECLARED_SELECTOR = YES;
				GCC_WARN_UNINITIALIZED_AUTOS = YES_AGGRESSIVE;
				GCC_WARN_UNUSED_FUNCTION = YES;
				GCC_WARN_UNUSED_VARIABLE = YES;
				IPHONEOS_DEPLOYMENT_TARGET = 9.0;
				MTL_ENABLE_DEBUG_INFO = NO;
				SDKROOT = iphoneos;
				SWIFT_OPTIMIZATION_LEVEL = "-Owholemodule";
				VALIDATE_PRODUCT = YES;
			};
			name = Release;
		};
		607FACF31AFB9204008FA782 /* Debug */ = {
			isa = XCBuildConfiguration;
			baseConfigurationReference = F34162B8E33CF2073A2BD225 /* Pods-TrySwiftData_Tests.debug.xcconfig */;
			buildSettings = {
				ALWAYS_EMBED_SWIFT_STANDARD_LIBRARIES = YES;
				FRAMEWORK_SEARCH_PATHS = (
					"$(SDKROOT)/Developer/Library/Frameworks",
					"$(inherited)",
				);
				GCC_PREPROCESSOR_DEFINITIONS = (
					"DEBUG=1",
					"$(inherited)",
				);
				INFOPLIST_FILE = Tests/Info.plist;
				LD_RUNPATH_SEARCH_PATHS = "$(inherited) @executable_path/Frameworks @loader_path/Frameworks";
				PRODUCT_BUNDLE_IDENTIFIER = "org.cocoapods.$(PRODUCT_NAME:rfc1034identifier)";
				PRODUCT_NAME = "$(TARGET_NAME)";
				SWIFT_VERSION = 3.0;
			};
			name = Debug;
		};
		607FACF41AFB9204008FA782 /* Release */ = {
			isa = XCBuildConfiguration;
			baseConfigurationReference = CE171203CD5CC3EE87F100D4 /* Pods-TrySwiftData_Tests.release.xcconfig */;
			buildSettings = {
				ALWAYS_EMBED_SWIFT_STANDARD_LIBRARIES = YES;
				FRAMEWORK_SEARCH_PATHS = (
					"$(SDKROOT)/Developer/Library/Frameworks",
					"$(inherited)",
				);
				INFOPLIST_FILE = Tests/Info.plist;
				LD_RUNPATH_SEARCH_PATHS = "$(inherited) @executable_path/Frameworks @loader_path/Frameworks";
				PRODUCT_BUNDLE_IDENTIFIER = "org.cocoapods.$(PRODUCT_NAME:rfc1034identifier)";
				PRODUCT_NAME = "$(TARGET_NAME)";
				SWIFT_VERSION = 3.0;
			};
			name = Release;
		};
/* End XCBuildConfiguration section */

/* Begin XCConfigurationList section */
		607FACCB1AFB9204008FA782 /* Build configuration list for PBXProject "trySwiftData" */ = {
			isa = XCConfigurationList;
			buildConfigurations = (
				607FACED1AFB9204008FA782 /* Debug */,
				607FACEE1AFB9204008FA782 /* Release */,
			);
			defaultConfigurationIsVisible = 0;
			defaultConfigurationName = Release;
		};
		607FACF21AFB9204008FA782 /* Build configuration list for PBXNativeTarget "TrySwiftData_Tests" */ = {
			isa = XCConfigurationList;
			buildConfigurations = (
				607FACF31AFB9204008FA782 /* Debug */,
				607FACF41AFB9204008FA782 /* Release */,
			);
			defaultConfigurationIsVisible = 0;
			defaultConfigurationName = Release;
		};
/* End XCConfigurationList section */
	};
	rootObject = 607FACC81AFB9204008FA782 /* Project object */;
}
